
Microsoft Visual Studio Solution File, Format Version 12.00
# Visual Studio Version 17
VisualStudioVersion = 17.7.34024.191
MinimumVisualStudioVersion = 10.0.40219.1
Project("{FAE04EC0-301F-11D3-BF4B-00C04F79EFBC}") = "1.Factory", "1.Factory\1.Factory.csproj", "{929877EA-EB84-4969-86CB-14F365A27CEA}"
EndProject
Global
	GlobalSection(SolutionConfigurationPlatforms) = preSolution
		Debug|Any CPU = Debug|Any CPU
		Release|Any CPU = Release|Any CPU
	EndGlobalSection
	GlobalSection(ProjectConfigurationPlatforms) = postSolution
		{929877EA-EB84-4969-86CB-14F365A27CEA}.Debug|Any CPU.ActiveCfg = Debug|Any CPU
		{929877EA-EB84-4969-86CB-14F365A27CEA}.Debug|Any CPU.Build.0 = Debug|Any CPU
		{929877EA-EB84-4969-86CB-14F365A27CEA}.Release|Any CPU.ActiveCfg = Release|Any CPU
		{929877EA-EB84-4969-86CB-14F365A27CEA}.Release|Any CPU.Build.0 = Release|Any CPU
	EndGlobalSection
	GlobalSection(SolutionProperties) = preSolution
		HideSolutionNode = FALSE
	EndGlobalSection
	GlobalSection(ExtensibilityGlobals) = postSolution
		SolutionGuid = {59BC65DE-1090-49B0-9E79-903FD066F72A}
	EndGlobalSection
EndGlobal
